
Microsoft Visual Studio Solution File, Format Version 12.00
# Visual Studio 15
VisualStudioVersion = 15.0.28307.645
MinimumVisualStudioVersion = 10.0.40219.1
Project("{2150E333-8FDC-42A3-9474-1A3956D46DE8}") = "CleanArch.Application", "CleanArch.Application", "{0B7D64F2-BF3F-4EF9-8A7E-96C045105A28}"
EndProject
Project("{2150E333-8FDC-42A3-9474-1A3956D46DE8}") = "CleanArch.Domain", "CleanArch.Domain", "{22025EE5-5608-418A-95CD-A9206F3A2BEE}"
EndProject
Project("{2150E333-8FDC-42A3-9474-1A3956D46DE8}") = "CleanArch.Infra.IoC", "CleanArch.Infra.IoC", "{3BBEA454-7E94-4AF3-826E-5B739771E922}"
EndProject
Project("{2150E333-8FDC-42A3-9474-1A3956D46DE8}") = "CleanArch.Infra.Data", "CleanArch.Infra.Data", "{FC7649F1-76AB-4DED-B982-B9C4D2730A70}"
EndProject
Project("{2150E333-8FDC-42A3-9474-1A3956D46DE8}") = "CleanArch.UI.Mvc", "CleanArch.UI.Mvc", "{2B4AD405-A788-4F03-9688-D32392594307}"
EndProject
Global
	GlobalSection(SolutionProperties) = preSolution
		HideSolutionNode = FALSE
	EndGlobalSection
	GlobalSection(ExtensibilityGlobals) = postSolution
		SolutionGuid = {14BE96EE-AAD5-4F57-A26F-4ECBC6B9DF1C}
	EndGlobalSection
EndGlobal
